# This file is automatically @generated by Cargo.
# It is not intended for manual editing.
version = 3

[[package]]
name = "byteorder"
version = "1.4.3"
source = "registry+https://github.com/rust-lang/crates.io-index"
checksum = "14c189c53d098945499cdfa7ecc63567cf3886b3332b312a5b4585d8d3a6a610"

[[package]]
name = "log"
version = "0.4.20"
source = "registry+https://github.com/rust-lang/crates.io-index"
checksum = "b5e6163cb8c49088c2c36f57875e58ccd8c87c7427f7fbd50ea6710b2f3f2e8f"

[[package]]
name = "mp4-merge"
version = "0.1.5"
source = "registry+https://github.com/rust-lang/crates.io-index"
checksum = "bacddec6d1cd09c30dda5a8332ecdaa364e532504256eff7923918de6e5c95bc"
dependencies = [
 "byteorder",
 "log",
]

[[package]]
name = "rust_mp4"
version = "0.1.0"
dependencies = [
 "byteorder",
 "log",
 "mp4-merge",
]
